// !$*UTF8*$!
{
	archiveVersion = 1;
	classes = {
	};
	objectVersion = 46;
	objects = {

/* Begin PBXBuildFile section */
		71B0481378BDBF8F46B987A3 /* libPods.a in Frameworks */ = {isa = PBXBuildFile; fileRef = D5113FF57EF7B59FD04488A9 /* libPods.a */; };
		B319BDB41AC18B9E0091DD03 /* AVFoundation.framework in Frameworks */ = {isa = PBXBuildFile; fileRef = B319BDB31AC18B9E0091DD03 /* AVFoundation.framework */; };
		B34AFF6F1AADBAD5007269C4 /* main.m in Sources */ = {isa = PBXBuildFile; fileRef = B34AFF6E1AADBAD5007269C4 /* main.m */; };
		B34AFF721AADBAD5007269C4 /* AppDelegate.m in Sources */ = {isa = PBXBuildFile; fileRef = B34AFF711AADBAD5007269C4 /* AppDelegate.m */; };
		B34AFF751AADBAD5007269C4 /* LogInViewController.m in Sources */ = {isa = PBXBuildFile; fileRef = B34AFF741AADBAD5007269C4 /* LogInViewController.m */; };
		B34AFF781AADBAD5007269C4 /* Main.storyboard in Resources */ = {isa = PBXBuildFile; fileRef = B34AFF761AADBAD5007269C4 /* Main.storyboard */; };
		B34AFF7A1AADBAD5007269C4 /* Images.xcassets in Resources */ = {isa = PBXBuildFile; fileRef = B34AFF791AADBAD5007269C4 /* Images.xcassets */; };
		B34AFF7D1AADBAD5007269C4 /* LaunchScreen.xib in Resources */ = {isa = PBXBuildFile; fileRef = B34AFF7B1AADBAD5007269C4 /* LaunchScreen.xib */; };
		B34AFF891AADBAD5007269C4 /* ShnoozleTests.m in Sources */ = {isa = PBXBuildFile; fileRef = B34AFF881AADBAD5007269C4 /* ShnoozleTests.m */; };
		B36E1A311AC0470700300174 /* MainViewController.m in Sources */ = {isa = PBXBuildFile; fileRef = B36E1A301AC0470700300174 /* MainViewController.m */; };
		B36E1A331AC0575700300174 /* TableHeaderView.xib in Resources */ = {isa = PBXBuildFile; fileRef = B36E1A321AC0575700300174 /* TableHeaderView.xib */; };
		B36E1A361AC0576700300174 /* UserDetailsViewController.m in Sources */ = {isa = PBXBuildFile; fileRef = B36E1A351AC0576700300174 /* UserDetailsViewController.m */; };
		B36E1A381AC08D0400300174 /* nav-logo.png in Resources */ = {isa = PBXBuildFile; fileRef = B36E1A371AC08D0400300174 /* nav-logo.png */; };
		B3E5FCDD1AC1C3B20043EFE7 /* mic.png in Resources */ = {isa = PBXBuildFile; fileRef = B3E5FCDB1AC1C3B20043EFE7 /* mic.png */; };
		B3E5FCDE1AC1C3B20043EFE7 /* mic@2x.png in Resources */ = {isa = PBXBuildFile; fileRef = B3E5FCDC1AC1C3B20043EFE7 /* mic@2x.png */; };
		B3E5FCE11AC1C4B90043EFE7 /* play.png in Resources */ = {isa = PBXBuildFile; fileRef = B3E5FCDF1AC1C4B90043EFE7 /* play.png */; };
		B3E5FCE21AC1C4B90043EFE7 /* play@2x.png in Resources */ = {isa = PBXBuildFile; fileRef = B3E5FCE01AC1C4B90043EFE7 /* play@2x.png */; };
		B3E5FCE51AC1C7670043EFE7 /* close.png in Resources */ = {isa = PBXBuildFile; fileRef = B3E5FCE31AC1C7670043EFE7 /* close.png */; };
		B3E5FCE61AC1C7670043EFE7 /* close@2x.png in Resources */ = {isa = PBXBuildFile; fileRef = B3E5FCE41AC1C7670043EFE7 /* close@2x.png */; };
		B3E5FCE91AC1CA230043EFE7 /* zzz.png in Resources */ = {isa = PBXBuildFile; fileRef = B3E5FCE71AC1CA230043EFE7 /* zzz.png */; };
		B3E5FCEA1AC1CA230043EFE7 /* zzz@2x.png in Resources */ = {isa = PBXBuildFile; fileRef = B3E5FCE81AC1CA230043EFE7 /* zzz@2x.png */; };
/* End PBXBuildFile section */

/* Begin PBXContainerItemProxy section */
		B34AFF831AADBAD5007269C4 /* PBXContainerItemProxy */ = {
			isa = PBXContainerItemProxy;
			containerPortal = B34AFF611AADBAD5007269C4 /* Project object */;
			proxyType = 1;
			remoteGlobalIDString = B34AFF681AADBAD5007269C4;
			remoteInfo = Shnoozle;
		};
/* End PBXContainerItemProxy section */

/* Begin PBXFileReference section */
		9BE723DECB521D630272C238 /* Pods.release.xcconfig */ = {isa = PBXFileReference; includeInIndex = 1; lastKnownFileType = text.xcconfig; name = Pods.release.xcconfig; path = "Pods/Target Support Files/Pods/Pods.release.xcconfig"; sourceTree = "<group>"; };
		A9008DDF8A1740655721F0F9 /* Pods.debug.xcconfig */ = {isa = PBXFileReference; includeInIndex = 1; lastKnownFileType = text.xcconfig; name = Pods.debug.xcconfig; path = "Pods/Target Support Files/Pods/Pods.debug.xcconfig"; sourceTree = "<group>"; };
		B319BDB31AC18B9E0091DD03 /* AVFoundation.framework */ = {isa = PBXFileReference; lastKnownFileType = wrapper.framework; name = AVFoundation.framework; path = System/Library/Frameworks/AVFoundation.framework; sourceTree = SDKROOT; };
		B34AFF691AADBAD5007269C4 /* Shnoozle.app */ = {isa = PBXFileReference; explicitFileType = wrapper.application; includeInIndex = 0; path = Shnoozle.app; sourceTree = BUILT_PRODUCTS_DIR; };
		B34AFF6D1AADBAD5007269C4 /* Info.plist */ = {isa = PBXFileReference; lastKnownFileType = text.plist.xml; path = Info.plist; sourceTree = "<group>"; };
		B34AFF6E1AADBAD5007269C4 /* main.m */ = {isa = PBXFileReference; lastKnownFileType = sourcecode.c.objc; path = main.m; sourceTree = "<group>"; };
		B34AFF701AADBAD5007269C4 /* AppDelegate.h */ = {isa = PBXFileReference; lastKnownFileType = sourcecode.c.h; path = AppDelegate.h; sourceTree = "<group>"; };
		B34AFF711AADBAD5007269C4 /* AppDelegate.m */ = {isa = PBXFileReference; lastKnownFileType = sourcecode.c.objc; path = AppDelegate.m; sourceTree = "<group>"; };
		B34AFF731AADBAD5007269C4 /* LogInViewController.h */ = {isa = PBXFileReference; lastKnownFileType = sourcecode.c.h; path = LogInViewController.h; sourceTree = "<group>"; };
		B34AFF741AADBAD5007269C4 /* LogInViewController.m */ = {isa = PBXFileReference; lastKnownFileType = sourcecode.c.objc; path = LogInViewController.m; sourceTree = "<group>"; };
		B34AFF771AADBAD5007269C4 /* Base */ = {isa = PBXFileReference; lastKnownFileType = file.storyboard; name = Base; path = Base.lproj/Main.storyboard; sourceTree = "<group>"; };
		B34AFF791AADBAD5007269C4 /* Images.xcassets */ = {isa = PBXFileReference; lastKnownFileType = folder.assetcatalog; path = Images.xcassets; sourceTree = "<group>"; };
		B34AFF7C1AADBAD5007269C4 /* Base */ = {isa = PBXFileReference; lastKnownFileType = file.xib; name = Base; path = Base.lproj/LaunchScreen.xib; sourceTree = "<group>"; };
		B34AFF821AADBAD5007269C4 /* ShnoozleTests.xctest */ = {isa = PBXFileReference; explicitFileType = wrapper.cfbundle; includeInIndex = 0; path = ShnoozleTests.xctest; sourceTree = BUILT_PRODUCTS_DIR; };
		B34AFF871AADBAD5007269C4 /* Info.plist */ = {isa = PBXFileReference; lastKnownFileType = text.plist.xml; path = Info.plist; sourceTree = "<group>"; };
		B34AFF881AADBAD5007269C4 /* ShnoozleTests.m */ = {isa = PBXFileReference; lastKnownFileType = sourcecode.c.objc; path = ShnoozleTests.m; sourceTree = "<group>"; };
		B36E1A2F1AC0470700300174 /* MainViewController.h */ = {isa = PBXFileReference; fileEncoding = 4; lastKnownFileType = sourcecode.c.h; path = MainViewController.h; sourceTree = "<group>"; };
		B36E1A301AC0470700300174 /* MainViewController.m */ = {isa = PBXFileReference; fileEncoding = 4; lastKnownFileType = sourcecode.c.objc; path = MainViewController.m; sourceTree = "<group>"; };
		B36E1A321AC0575700300174 /* TableHeaderView.xib */ = {isa = PBXFileReference; fileEncoding = 4; lastKnownFileType = file.xib; path = TableHeaderView.xib; sourceTree = "<group>"; };
		B36E1A341AC0576700300174 /* UserDetailsViewController.h */ = {isa = PBXFileReference; fileEncoding = 4; lastKnownFileType = sourcecode.c.h; path = UserDetailsViewController.h; sourceTree = "<group>"; };
		B36E1A351AC0576700300174 /* UserDetailsViewController.m */ = {isa = PBXFileReference; fileEncoding = 4; lastKnownFileType = sourcecode.c.objc; path = UserDetailsViewController.m; sourceTree = "<group>"; };
		B36E1A371AC08D0400300174 /* nav-logo.png */ = {isa = PBXFileReference; lastKnownFileType = image.png; path = "nav-logo.png"; sourceTree = "<group>"; };
		B3E5FCDB1AC1C3B20043EFE7 /* mic.png */ = {isa = PBXFileReference; lastKnownFileType = image.png; path = mic.png; sourceTree = "<group>"; };
		B3E5FCDC1AC1C3B20043EFE7 /* mic@2x.png */ = {isa = PBXFileReference; lastKnownFileType = image.png; path = "mic@2x.png"; sourceTree = "<group>"; };
		B3E5FCDF1AC1C4B90043EFE7 /* play.png */ = {isa = PBXFileReference; lastKnownFileType = image.png; path = play.png; sourceTree = "<group>"; };
		B3E5FCE01AC1C4B90043EFE7 /* play@2x.png */ = {isa = PBXFileReference; lastKnownFileType = image.png; path = "play@2x.png"; sourceTree = "<group>"; };
		B3E5FCE31AC1C7670043EFE7 /* close.png */ = {isa = PBXFileReference; lastKnownFileType = image.png; path = close.png; sourceTree = "<group>"; };
		B3E5FCE41AC1C7670043EFE7 /* close@2x.png */ = {isa = PBXFileReference; lastKnownFileType = image.png; path = "close@2x.png"; sourceTree = "<group>"; };
		B3E5FCE71AC1CA230043EFE7 /* zzz.png */ = {isa = PBXFileReference; lastKnownFileType = image.png; path = zzz.png; sourceTree = "<group>"; };
		B3E5FCE81AC1CA230043EFE7 /* zzz@2x.png */ = {isa = PBXFileReference; lastKnownFileType = image.png; path = "zzz@2x.png"; sourceTree = "<group>"; };
		D5113FF57EF7B59FD04488A9 /* libPods.a */ = {isa = PBXFileReference; explicitFileType = archive.ar; includeInIndex = 0; path = libPods.a; sourceTree = BUILT_PRODUCTS_DIR; };
/* End PBXFileReference section */

/* Begin PBXFrameworksBuildPhase section */
		B34AFF661AADBAD5007269C4 /* Frameworks */ = {
			isa = PBXFrameworksBuildPhase;
			buildActionMask = 2147483647;
			files = (
				B319BDB41AC18B9E0091DD03 /* AVFoundation.framework in Frameworks */,
				71B0481378BDBF8F46B987A3 /* libPods.a in Frameworks */,
			);
			runOnlyForDeploymentPostprocessing = 0;
		};
		B34AFF7F1AADBAD5007269C4 /* Frameworks */ = {
			isa = PBXFrameworksBuildPhase;
			buildActionMask = 2147483647;
			files = (
			);
			runOnlyForDeploymentPostprocessing = 0;
		};
/* End PBXFrameworksBuildPhase section */

/* Begin PBXGroup section */
		38D60A51328EA85A9D32BD42 /* Pods */ = {
			isa = PBXGroup;
			children = (
				A9008DDF8A1740655721F0F9 /* Pods.debug.xcconfig */,
				9BE723DECB521D630272C238 /* Pods.release.xcconfig */,
			);
			name = Pods;
			sourceTree = "<group>";
		};
		812B92F6B5A506ECEF6DB5F2 /* Frameworks */ = {
			isa = PBXGroup;
			children = (
				B319BDB31AC18B9E0091DD03 /* AVFoundation.framework */,
				D5113FF57EF7B59FD04488A9 /* libPods.a */,
			);
			name = Frameworks;
			sourceTree = "<group>";
		};
		B34AFF601AADBAD5007269C4 = {
			isa = PBXGroup;
			children = (
				B34AFF6B1AADBAD5007269C4 /* Shnoozle */,
				B34AFF851AADBAD5007269C4 /* ShnoozleTests */,
				B34AFF6A1AADBAD5007269C4 /* Products */,
				38D60A51328EA85A9D32BD42 /* Pods */,
				812B92F6B5A506ECEF6DB5F2 /* Frameworks */,
			);
			sourceTree = "<group>";
		};
		B34AFF6A1AADBAD5007269C4 /* Products */ = {
			isa = PBXGroup;
			children = (
				B34AFF691AADBAD5007269C4 /* Shnoozle.app */,
				B34AFF821AADBAD5007269C4 /* ShnoozleTests.xctest */,
			);
			name = Products;
			sourceTree = "<group>";
		};
		B34AFF6B1AADBAD5007269C4 /* Shnoozle */ = {
			isa = PBXGroup;
			children = (
				B3E5FCDA1AC1C3B20043EFE7 /* images */,
				B34AFF701AADBAD5007269C4 /* AppDelegate.h */,
				B34AFF711AADBAD5007269C4 /* AppDelegate.m */,
				B34AFF731AADBAD5007269C4 /* LogInViewController.h */,
				B36E1A371AC08D0400300174 /* nav-logo.png */,
				B34AFF741AADBAD5007269C4 /* LogInViewController.m */,
				B36E1A2F1AC0470700300174 /* MainViewController.h */,
				B36E1A341AC0576700300174 /* UserDetailsViewController.h */,
				B36E1A351AC0576700300174 /* UserDetailsViewController.m */,
				B36E1A301AC0470700300174 /* MainViewController.m */,
				B34AFF761AADBAD5007269C4 /* Main.storyboard */,
				B36E1A321AC0575700300174 /* TableHeaderView.xib */,
				B34AFF791AADBAD5007269C4 /* Images.xcassets */,
				B34AFF7B1AADBAD5007269C4 /* LaunchScreen.xib */,
				B34AFF6C1AADBAD5007269C4 /* Supporting Files */,
			);
			path = Shnoozle;
			sourceTree = "<group>";
		};
		B34AFF6C1AADBAD5007269C4 /* Supporting Files */ = {
			isa = PBXGroup;
			children = (
				B34AFF6D1AADBAD5007269C4 /* Info.plist */,
				B34AFF6E1AADBAD5007269C4 /* main.m */,
			);
			name = "Supporting Files";
			sourceTree = "<group>";
		};
		B34AFF851AADBAD5007269C4 /* ShnoozleTests */ = {
			isa = PBXGroup;
			children = (
				B34AFF881AADBAD5007269C4 /* ShnoozleTests.m */,
				B34AFF861AADBAD5007269C4 /* Supporting Files */,
			);
			path = ShnoozleTests;
			sourceTree = "<group>";
		};
		B34AFF861AADBAD5007269C4 /* Supporting Files */ = {
			isa = PBXGroup;
			children = (
				B34AFF871AADBAD5007269C4 /* Info.plist */,
			);
			name = "Supporting Files";
			sourceTree = "<group>";
		};
		B3E5FCDA1AC1C3B20043EFE7 /* images */ = {
			isa = PBXGroup;
			children = (
				B3E5FCDB1AC1C3B20043EFE7 /* mic.png */,
				B3E5FCDF1AC1C4B90043EFE7 /* play.png */,
				B3E5FCE31AC1C7670043EFE7 /* close.png */,
				B3E5FCE71AC1CA230043EFE7 /* zzz.png */,
				B3E5FCE81AC1CA230043EFE7 /* zzz@2x.png */,
				B3E5FCE41AC1C7670043EFE7 /* close@2x.png */,
				B3E5FCE01AC1C4B90043EFE7 /* play@2x.png */,
				B3E5FCDC1AC1C3B20043EFE7 /* mic@2x.png */,
			);
			path = images;
			sourceTree = "<group>";
		};
/* End PBXGroup section */

/* Begin PBXNativeTarget section */
		B34AFF681AADBAD5007269C4 /* Shnoozle */ = {
			isa = PBXNativeTarget;
			buildConfigurationList = B34AFF8C1AADBAD5007269C4 /* Build configuration list for PBXNativeTarget "Shnoozle" */;
			buildPhases = (
				E964B9C6A71042F4FD9F8CBB /* Check Pods Manifest.lock */,
				B34AFF651AADBAD5007269C4 /* Sources */,
				B34AFF661AADBAD5007269C4 /* Frameworks */,
				B34AFF671AADBAD5007269C4 /* Resources */,
				9A359EBFEEE8C56D7D76E858 /* Copy Pods Resources */,
			);
			buildRules = (
			);
			dependencies = (
			);
			name = Shnoozle;
			productName = Shnoozle;
			productReference = B34AFF691AADBAD5007269C4 /* Shnoozle.app */;
			productType = "com.apple.product-type.application";
		};
		B34AFF811AADBAD5007269C4 /* ShnoozleTests */ = {
			isa = PBXNativeTarget;
			buildConfigurationList = B34AFF8F1AADBAD5007269C4 /* Build configuration list for PBXNativeTarget "ShnoozleTests" */;
			buildPhases = (
				B34AFF7E1AADBAD5007269C4 /* Sources */,
				B34AFF7F1AADBAD5007269C4 /* Frameworks */,
				B34AFF801AADBAD5007269C4 /* Resources */,
			);
			buildRules = (
			);
			dependencies = (
				B34AFF841AADBAD5007269C4 /* PBXTargetDependency */,
			);
			name = ShnoozleTests;
			productName = ShnoozleTests;
			productReference = B34AFF821AADBAD5007269C4 /* ShnoozleTests.xctest */;
			productType = "com.apple.product-type.bundle.unit-test";
		};
/* End PBXNativeTarget section */

/* Begin PBXProject section */
		B34AFF611AADBAD5007269C4 /* Project object */ = {
			isa = PBXProject;
			attributes = {
				LastUpgradeCheck = 0610;
				ORGANIZATIONNAME = Leo;
				TargetAttributes = {
					B34AFF681AADBAD5007269C4 = {
						CreatedOnToolsVersion = 6.1.1;
					};
					B34AFF811AADBAD5007269C4 = {
						CreatedOnToolsVersion = 6.1.1;
						TestTargetID = B34AFF681AADBAD5007269C4;
					};
				};
			};
			buildConfigurationList = B34AFF641AADBAD5007269C4 /* Build configuration list for PBXProject "Shnoozle" */;
			compatibilityVersion = "Xcode 3.2";
			developmentRegion = English;
			hasScannedForEncodings = 0;
			knownRegions = (
				en,
				Base,
			);
			mainGroup = B34AFF601AADBAD5007269C4;
			productRefGroup = B34AFF6A1AADBAD5007269C4 /* Products */;
			projectDirPath = "";
			projectRoot = "";
			targets = (
				B34AFF681AADBAD5007269C4 /* Shnoozle */,
				B34AFF811AADBAD5007269C4 /* ShnoozleTests */,
			);
		};
/* End PBXProject section */

/* Begin PBXResourcesBuildPhase section */
		B34AFF671AADBAD5007269C4 /* Resources */ = {
			isa = PBXResourcesBuildPhase;
			buildActionMask = 2147483647;
			files = (
				B3E5FCE91AC1CA230043EFE7 /* zzz.png in Resources */,
				B36E1A331AC0575700300174 /* TableHeaderView.xib in Resources */,
				B3E5FCEA1AC1CA230043EFE7 /* zzz@2x.png in Resources */,
				B3E5FCE11AC1C4B90043EFE7 /* play.png in Resources */,
				B3E5FCE21AC1C4B90043EFE7 /* play@2x.png in Resources */,
				B3E5FCDE1AC1C3B20043EFE7 /* mic@2x.png in Resources */,
				B36E1A381AC08D0400300174 /* nav-logo.png in Resources */,
				B34AFF781AADBAD5007269C4 /* Main.storyboard in Resources */,
				B3E5FCDD1AC1C3B20043EFE7 /* mic.png in Resources */,
				B34AFF7D1AADBAD5007269C4 /* LaunchScreen.xib in Resources */,
				B3E5FCE51AC1C7670043EFE7 /* close.png in Resources */,
				B34AFF7A1AADBAD5007269C4 /* Images.xcassets in Resources */,
				B3E5FCE61AC1C7670043EFE7 /* close@2x.png in Resources */,
			);
			runOnlyForDeploymentPostprocessing = 0;
		};
		B34AFF801AADBAD5007269C4 /* Resources */ = {
			isa = PBXResourcesBuildPhase;
			buildActionMask = 2147483647;
			files = (
			);
			runOnlyForDeploymentPostprocessing = 0;
		};
/* End PBXResourcesBuildPhase section */

/* Begin PBXShellScriptBuildPhase section */
		9A359EBFEEE8C56D7D76E858 /* Copy Pods Resources */ = {
			isa = PBXShellScriptBuildPhase;
			buildActionMask = 2147483647;
			files = (
			);
			inputPaths = (
			);
			name = "Copy Pods Resources";
			outputPaths = (
			);
			runOnlyForDeploymentPostprocessing = 0;
			shellPath = /bin/sh;
			shellScript = "\"${SRCROOT}/Pods/Target Support Files/Pods/Pods-resources.sh\"\n";
			showEnvVarsInLog = 0;
		};
		E964B9C6A71042F4FD9F8CBB /* Check Pods Manifest.lock */ = {
			isa = PBXShellScriptBuildPhase;
			buildActionMask = 2147483647;
			files = (
			);
			inputPaths = (
			);
			name = "Check Pods Manifest.lock";
			outputPaths = (
			);
			runOnlyForDeploymentPostprocessing = 0;
			shellPath = /bin/sh;
			shellScript = "diff \"${PODS_ROOT}/../Podfile.lock\" \"${PODS_ROOT}/Manifest.lock\" > /dev/null\nif [[ $? != 0 ]] ; then\n    cat << EOM\nerror: The sandbox is not in sync with the Podfile.lock. Run 'pod install' or update your CocoaPods installation.\nEOM\n    exit 1\nfi\n";
			showEnvVarsInLog = 0;
		};
/* End PBXShellScriptBuildPhase section */

/* Begin PBXSourcesBuildPhase section */
		B34AFF651AADBAD5007269C4 /* Sources */ = {
			isa = PBXSourcesBuildPhase;
			buildActionMask = 2147483647;
			files = (
				B34AFF751AADBAD5007269C4 /* LogInViewController.m in Sources */,
				B34AFF721AADBAD5007269C4 /* AppDelegate.m in Sources */,
				B34AFF6F1AADBAD5007269C4 /* main.m in Sources */,
				B36E1A361AC0576700300174 /* UserDetailsViewController.m in Sources */,
				B36E1A311AC0470700300174 /* MainViewController.m in Sources */,
			);
			runOnlyForDeploymentPostprocessing = 0;
		};
		B34AFF7E1AADBAD5007269C4 /* Sources */ = {
			isa = PBXSourcesBuildPhase;
			buildActionMask = 2147483647;
			files = (
				B34AFF891AADBAD5007269C4 /* ShnoozleTests.m in Sources */,
			);
			runOnlyForDeploymentPostprocessing = 0;
		};
/* End PBXSourcesBuildPhase section */

/* Begin PBXTargetDependency section */
		B34AFF841AADBAD5007269C4 /* PBXTargetDependency */ = {
			isa = PBXTargetDependency;
			target = B34AFF681AADBAD5007269C4 /* Shnoozle */;
			targetProxy = B34AFF831AADBAD5007269C4 /* PBXContainerItemProxy */;
		};
/* End PBXTargetDependency section */

/* Begin PBXVariantGroup section */
		B34AFF761AADBAD5007269C4 /* Main.storyboard */ = {
			isa = PBXVariantGroup;
			children = (
				B34AFF771AADBAD5007269C4 /* Base */,
			);
			name = Main.storyboard;
			sourceTree = "<group>";
		};
		B34AFF7B1AADBAD5007269C4 /* LaunchScreen.xib */ = {
			isa = PBXVariantGroup;
			children = (
				B34AFF7C1AADBAD5007269C4 /* Base */,
			);
			name = LaunchScreen.xib;
			sourceTree = "<group>";
		};
/* End PBXVariantGroup section */

/* Begin XCBuildConfiguration section */
		B34AFF8A1AADBAD5007269C4 /* Debug */ = {
			isa = XCBuildConfiguration;
			buildSettings = {
				ALWAYS_SEARCH_USER_PATHS = NO;
				CLANG_CXX_LANGUAGE_STANDARD = "gnu++0x";
				CLANG_CXX_LIBRARY = "libc++";
				CLANG_ENABLE_MODULES = YES;
				CLANG_ENABLE_OBJC_ARC = YES;
				CLANG_WARN_BOOL_CONVERSION = YES;
				CLANG_WARN_CONSTANT_CONVERSION = YES;
				CLANG_WARN_DIRECT_OBJC_ISA_USAGE = YES_ERROR;
				CLANG_WARN_EMPTY_BODY = YES;
				CLANG_WARN_ENUM_CONVERSION = YES;
				CLANG_WARN_INT_CONVERSION = YES;
				CLANG_WARN_OBJC_ROOT_CLASS = YES_ERROR;
				CLANG_WARN_UNREACHABLE_CODE = YES;
				CLANG_WARN__DUPLICATE_METHOD_MATCH = YES;
				"CODE_SIGN_IDENTITY[sdk=iphoneos*]" = "iPhone Developer";
				COPY_PHASE_STRIP = NO;
				ENABLE_STRICT_OBJC_MSGSEND = YES;
				GCC_C_LANGUAGE_STANDARD = gnu99;
				GCC_DYNAMIC_NO_PIC = NO;
				GCC_OPTIMIZATION_LEVEL = 0;
				GCC_PREPROCESSOR_DEFINITIONS = (
					"DEBUG=1",
					"$(inherited)",
				);
				GCC_SYMBOLS_PRIVATE_EXTERN = NO;
				GCC_WARN_64_TO_32_BIT_CONVERSION = YES;
				GCC_WARN_ABOUT_RETURN_TYPE = YES_ERROR;
				GCC_WARN_UNDECLARED_SELECTOR = YES;
				GCC_WARN_UNINITIALIZED_AUTOS = YES_AGGRESSIVE;
				GCC_WARN_UNUSED_FUNCTION = YES;
				GCC_WARN_UNUSED_VARIABLE = YES;
				IPHONEOS_DEPLOYMENT_TARGET = 8.1;
				MTL_ENABLE_DEBUG_INFO = YES;
				ONLY_ACTIVE_ARCH = YES;
				SDKROOT = iphoneos;
				TARGETED_DEVICE_FAMILY = "1,2";
			};
			name = Debug;
		};
		B34AFF8B1AADBAD5007269C4 /* Release */ = {
			isa = XCBuildConfiguration;
			buildSettings = {
				ALWAYS_SEARCH_USER_PATHS = NO;
				CLANG_CXX_LANGUAGE_STANDARD = "gnu++0x";
				CLANG_CXX_LIBRARY = "libc++";
				CLANG_ENABLE_MODULES = YES;
				CLANG_ENABLE_OBJC_ARC = YES;
				CLANG_WARN_BOOL_CONVERSION = YES;
				CLANG_WARN_CONSTANT_CONVERSION = YES;
				CLANG_WARN_DIRECT_OBJC_ISA_USAGE = YES_ERROR;
				CLANG_WARN_EMPTY_BODY = YES;
				CLANG_WARN_ENUM_CONVERSION = YES;
				CLANG_WARN_INT_CONVERSION = YES;
				CLANG_WARN_OBJC_ROOT_CLASS = YES_ERROR;
				CLANG_WARN_UNREACHABLE_CODE = YES;
				CLANG_WARN__DUPLICATE_METHOD_MATCH = YES;
				"CODE_SIGN_IDENTITY[sdk=iphoneos*]" = "iPhone Developer";
				COPY_PHASE_STRIP = YES;
				ENABLE_NS_ASSERTIONS = NO;
				ENABLE_STRICT_OBJC_MSGSEND = YES;
				GCC_C_LANGUAGE_STANDARD = gnu99;
				GCC_WARN_64_TO_32_BIT_CONVERSION = YES;
				GCC_WARN_ABOUT_RETURN_TYPE = YES_ERROR;
				GCC_WARN_UNDECLARED_SELECTOR = YES;
				GCC_WARN_UNINITIALIZED_AUTOS = YES_AGGRESSIVE;
				GCC_WARN_UNUSED_FUNCTION = YES;
				GCC_WARN_UNUSED_VARIABLE = YES;
				IPHONEOS_DEPLOYMENT_TARGET = 8.1;
				MTL_ENABLE_DEBUG_INFO = NO;
				SDKROOT = iphoneos;
				TARGETED_DEVICE_FAMILY = "1,2";
				VALIDATE_PRODUCT = YES;
			};
			name = Release;
		};
		B34AFF8D1AADBAD5007269C4 /* Debug */ = {
			isa = XCBuildConfiguration;
			baseConfigurationReference = A9008DDF8A1740655721F0F9 /* Pods.debug.xcconfig */;
			buildSettings = {
				ASSETCATALOG_COMPILER_APPICON_NAME = AppIcon;
				INFOPLIST_FILE = Shnoozle/Info.plist;
				LD_RUNPATH_SEARCH_PATHS = "$(inherited) @executable_path/Frameworks";
				PRODUCT_NAME = "$(TARGET_NAME)";
			};
			name = Debug;
		};
		B34AFF8E1AADBAD5007269C4 /* Release */ = {
			isa = XCBuildConfiguration;
			baseConfigurationReference = 9BE723DECB521D630272C238 /* Pods.release.xcconfig */;
			buildSettings = {
				ASSETCATALOG_COMPILER_APPICON_NAME = AppIcon;
				INFOPLIST_FILE = Shnoozle/Info.plist;
				LD_RUNPATH_SEARCH_PATHS = "$(inherited) @executable_path/Frameworks";
				PRODUCT_NAME = "$(TARGET_NAME)";
			};
			name = Release;
		};
		B34AFF901AADBAD5007269C4 /* Debug */ = {
			isa = XCBuildConfiguration;
			buildSettings = {
				BUNDLE_LOADER = "$(TEST_HOST)";
				FRAMEWORK_SEARCH_PATHS = (
					"$(SDKROOT)/Developer/Library/Frameworks",
					"$(inherited)",
				);
				GCC_PREPROCESSOR_DEFINITIONS = (
					"DEBUG=1",
					"$(inherited)",
				);
				INFOPLIST_FILE = ShnoozleTests/Info.plist;
				LD_RUNPATH_SEARCH_PATHS = "$(inherited) @executable_path/Frameworks @loader_path/Frameworks";
				PRODUCT_NAME = "$(TARGET_NAME)";
				TEST_HOST = "$(BUILT_PRODUCTS_DIR)/Shnoozle.app/Shnoozle";
			};
			name = Debug;
		};
		B34AFF911AADBAD5007269C4 /* Release */ = {
			isa = XCBuildConfiguration;
			buildSettings = {
				BUNDLE_LOADER = "$(TEST_HOST)";
				FRAMEWORK_SEARCH_PATHS = (
					"$(SDKROOT)/Developer/Library/Frameworks",
					"$(inherited)",
				);
				INFOPLIST_FILE = ShnoozleTests/Info.plist;
				LD_RUNPATH_SEARCH_PATHS = "$(inherited) @executable_path/Frameworks @loader_path/Frameworks";
				PRODUCT_NAME = "$(TARGET_NAME)";
				TEST_HOST = "$(BUILT_PRODUCTS_DIR)/Shnoozle.app/Shnoozle";
			};
			name = Release;
		};
/* End XCBuildConfiguration section */

/* Begin XCConfigurationList section */
		B34AFF641AADBAD5007269C4 /* Build configuration list for PBXProject "Shnoozle" */ = {
			isa = XCConfigurationList;
			buildConfigurations = (
				B34AFF8A1AADBAD5007269C4 /* Debug */,
				B34AFF8B1AADBAD5007269C4 /* Release */,
			);
			defaultConfigurationIsVisible = 0;
			defaultConfigurationName = Release;
		};
		B34AFF8C1AADBAD5007269C4 /* Build configuration list for PBXNativeTarget "Shnoozle" */ = {
			isa = XCConfigurationList;
			buildConfigurations = (
				B34AFF8D1AADBAD5007269C4 /* Debug */,
				B34AFF8E1AADBAD5007269C4 /* Release */,
			);
			defaultConfigurationIsVisible = 0;
			defaultConfigurationName = Release;
		};
		B34AFF8F1AADBAD5007269C4 /* Build configuration list for PBXNativeTarget "ShnoozleTests" */ = {
			isa = XCConfigurationList;
			buildConfigurations = (
				B34AFF901AADBAD5007269C4 /* Debug */,
				B34AFF911AADBAD5007269C4 /* Release */,
			);
			defaultConfigurationIsVisible = 0;
			defaultConfigurationName = Release;
		};
/* End XCConfigurationList section */
	};
	rootObject = B34AFF611AADBAD5007269C4 /* Project object */;
}
