PODS:
  - Bolts (1.1.4)
  - EKVideoController (0.0.1)
  - Facebook-iOS-SDK (3.23.0):
    - Bolts (~> 1.0)
  - KIF (3.2.1):
    - KIF/XCTest (= 3.2.1)
  - KIF/XCTest (3.2.1)
  - Kiwi (2.3.1)
  - MZTimerLabel (0.5.1)
  - Parse (1.6.4):
    - Bolts (~> 1.1)
  - ParseFacebookUtils (1.6.4):
    - Facebook-iOS-SDK (~> 3.20)
    - Parse (~> 1.6.4)
  - ParseUI (1.1.1):
    - Parse (~> 1.6)
    - ParseFacebookUtils (~> 1.6)
  - RESideMenu (4.0.7)
  - SCLAlertView-Objective-C (0.6.1)

DEPENDENCIES:
  - EKVideoController
  - Facebook-iOS-SDK
  - KIF (~> 3.0)
  - Kiwi
  - MZTimerLabel
  - Parse
  - ParseUI
  - RESideMenu (~> 4.0.7)
  - SCLAlertView-Objective-C

SPEC CHECKSUMS:
  Bolts: f8e2f94edbf9fec7bb8de5ecaaa3aa6b7de6f64e
  EKVideoController: 13e84d33dca52e5e41b18e28587e994384be223f
  Facebook-iOS-SDK: fcb0fd5bcdb50f1fe9ce27bf6b8cdf1aa5b2b0ed
  KIF: ef1691e54e1d969c3b4fd0b5b56a3d7ddf37f216
  Kiwi: f038a6c61f7a9e4d7766bff5717aa3b3fdb75f55
  MZTimerLabel: 455a5fa408c716823e331f8f3b345713ddeabd30
  Parse: 6ada00e82e77f73eb00f35accfe52a5f54e3c2aa
  ParseFacebookUtils: 17d9f6962b85d460e6bf9a00bf1eb042e0bcce74
  ParseUI: e38bbbc3784006ab4ffaa6ef292e23c5fa9119dc
  RESideMenu: f24c508404b49c667344c54aba7e590883533958
  SCLAlertView-Objective-C: da92da8bfd193d813e71b13ed11b6d5aa3b96cc3

COCOAPODS: 0.36.3
